// !$*UTF8*$!
{
	archiveVersion = 1;
	classes = {
	};
	objectVersion = 77;
	objects = {

/* Begin PBXContainerItemProxy section */
		85CF4C872FE65ED100BD9CDE /* PBXContainerItemProxy */ = {
			isa = PBXContainerItemProxy;
			containerPortal = 85CF4C6F2FE65ECE00BD9CDE /* Project object */;
			proxyType = 1;
			remoteGlobalIDString = 85CF4C762FE65ECE00BD9CDE;
			remoteInfo = DailyBrief;
		};
		85CF4C912FE65ED100BD9CDE /* PBXContainerItemProxy */ = {
			isa = PBXContainerItemProxy;
			containerPortal = 85CF4C6F2FE65ECE00BD9CDE /* Project object */;
			proxyType = 1;
			remoteGlobalIDString = 85CF4C762FE65ECE00BD9CDE;
			remoteInfo = DailyBrief;
		};
/* End PBXContainerItemProxy section */

/* Begin PBXFileReference section */
		85CF4C772FE65ECE00BD9CDE /* DailyBrief.app */ = {isa = PBXFileReference; explicitFileType = wrapper.application; includeInIndex = 0; path = DailyBrief.app; sourceTree = BUILT_PRODUCTS_DIR; };
		85CF4C862FE65ED100BD9CDE /* DailyBriefTests.xctest */ = {isa = PBXFileReference; explicitFileType = wrapper.cfbundle; includeInIndex = 0; path = DailyBriefTests.xctest; sourceTree = BUILT_PRODUCTS_DIR; };
		85CF4C902FE65ED100BD9CDE /* DailyBriefUITests.xctest */ = {isa = PBXFileReference; explicitFileType = wrapper.cfbundle; includeInIndex = 0; path = DailyBriefUITests.xctest; sourceTree = BUILT_PRODUCTS_DIR; };
/* End PBXFileReference section */

/* Begin PBXFileSystemSynchronizedRootGroup section */
		85CF4C792FE65ECE00BD9CDE /* DailyBrief */ = {
			isa = PBXFileSystemSynchronizedRootGroup;
			path = DailyBrief;
			sourceTree = "<group>";
		};
		85CF4C892FE65ED100BD9CDE /* DailyBriefTests */ = {
			isa = PBXFileSystemSynchronizedRootGroup;
			path = DailyBriefTests;
			sourceTree = "<group>";
		};
		85CF4C932FE65ED100BD9CDE /* DailyBriefUITests */ = {
			isa = PBXFileSystemSynchronizedRootGroup;
			path = DailyBriefUITests;
			sourceTree = "<group>";
		};
/* End PBXFileSystemSynchronizedRootGroup section */

/* Begin PBXFrameworksBuildPhase section */
		85CF4C742FE65ECE00BD9CDE /* Frameworks */ = {
			isa = PBXFrameworksBuildPhase;
			buildActionMask = 2147483647;
			files = (
			);
			runOnlyForDeploymentPostprocessing = 0;
		};
		85CF4C832FE65ED100BD9CDE /* Frameworks */ = {
			isa = PBXFrameworksBuildPhase;
			buildActionMask = 2147483647;
			files = (
			);
			runOnlyForDeploymentPostprocessing = 0;
		};
		85CF4C8D2FE65ED100BD9CDE /* Frameworks */ = {
			isa = PBXFrameworksBuildPhase;
			buildActionMask = 2147483647;
			files = (
			);
			runOnlyForDeploymentPostprocessing = 0;
		};
/* End PBXFrameworksBuildPhase section */

/* Begin PBXGroup section */
		85CF4C6E2FE65ECE00BD9CDE = {
			isa = PBXGroup;
			children = (
				85CF4C792FE65ECE00BD9CDE /* DailyBrief */,
				85CF4C892FE65ED100BD9CDE /* DailyBriefTests */,
				85CF4C932FE65ED100BD9CDE /* DailyBriefUITests */,
				85CF4C782FE65ECE00BD9CDE /* Products */,
			);
			sourceTree = "<group>";
		};
		85CF4C782FE65ECE00BD9CDE /* Products */ = {
			isa = PBXGroup;
			children = (
				85CF4C772FE65ECE00BD9CDE /* DailyBrief.app */,
				85CF4C862FE65ED100BD9CDE /* DailyBriefTests.xctest */,
				85CF4C902FE65ED100BD9CDE /* DailyBriefUITests.xctest */,
			);
			name = Products;
			sourceTree = "<group>";
		};
/* End PBXGroup section */

/* Begin PBXNativeTarget section */
		85CF4C762FE65ECE00BD9CDE /* DailyBrief */ = {
			isa = PBXNativeTarget;
			buildConfigurationList = 85CF4C9A2FE65ED100BD9CDE /* Build configuration list for PBXNativeTarget "DailyBrief" */;
			buildPhases = (
				85CF4C732FE65ECE00BD9CDE /* Sources */,
				85CF4C742FE65ECE00BD9CDE /* Frameworks */,
				85CF4C752FE65ECE00BD9CDE /* Resources */,
			);
			buildRules = (
			);
			dependencies = (
			);
			fileSystemSynchronizedGroups = (
				85CF4C792FE65ECE00BD9CDE /* DailyBrief */,
			);
			name = DailyBrief;
			packageProductDependencies = (
			);
			productName = DailyBrief;
			productReference = 85CF4C772FE65ECE00BD9CDE /* DailyBrief.app */;
			productType = "com.apple.product-type.application";
		};
		85CF4C852FE65ED100BD9CDE /* DailyBriefTests */ = {
			isa = PBXNativeTarget;
			buildConfigurationList = 85CF4C9D2FE65ED100BD9CDE /* Build configuration list for PBXNativeTarget "DailyBriefTests" */;
			buildPhases = (
				85CF4C822FE65ED100BD9CDE /* Sources */,
				85CF4C832FE65ED100BD9CDE /* Frameworks */,
				85CF4C842FE65ED100BD9CDE /* Resources */,
			);
			buildRules = (
			);
			dependencies = (
				85CF4C882FE65ED100BD9CDE /* PBXTargetDependency */,
			);
			fileSystemSynchronizedGroups = (
				85CF4C892FE65ED100BD9CDE /* DailyBriefTests */,
			);
			name = DailyBriefTests;
			packageProductDependencies = (
			);
			productName = DailyBriefTests;
			productReference = 85CF4C862FE65ED100BD9CDE /* DailyBriefTests.xctest */;
			productType = "com.apple.product-type.bundle.unit-test";
		};
		85CF4C8F2FE65ED100BD9CDE /* DailyBriefUITests */ = {
			isa = PBXNativeTarget;
			buildConfigurationList = 85CF4CA02FE65ED100BD9CDE /* Build configuration list for PBXNativeTarget "DailyBriefUITests" */;
			buildPhases = (
				85CF4C8C2FE65ED100BD9CDE /* Sources */,
				85CF4C8D2FE65ED100BD9CDE /* Frameworks */,
				85CF4C8E2FE65ED100BD9CDE /* Resources */,
			);
			buildRules = (
			);
			dependencies = (
				85CF4C922FE65ED100BD9CDE /* PBXTargetDependency */,
			);
			fileSystemSynchronizedGroups = (
				85CF4C932FE65ED100BD9CDE /* DailyBriefUITests */,
			);
			name = DailyBriefUITests;
			packageProductDependencies = (
			);
			productName = DailyBriefUITests;
			productReference = 85CF4C902FE65ED100BD9CDE /* DailyBriefUITests.xctest */;
			productType = "com.apple.product-type.bundle.ui-testing";
		};
/* End PBXNativeTarget section */

/* Begin PBXProject section */
		85CF4C6F2FE65ECE00BD9CDE /* Project object */ = {
			isa = PBXProject;
			attributes = {
				BuildIndependentTargetsInParallel = 1;
				LastSwiftUpdateCheck = 2650;
				LastUpgradeCheck = 2650;
				TargetAttributes = {
					85CF4C762FE65ECE00BD9CDE = {
						CreatedOnToolsVersion = 26.5;
					};
					85CF4C852FE65ED100BD9CDE = {
						CreatedOnToolsVersion = 26.5;
						TestTargetID = 85CF4C762FE65ECE00BD9CDE;
					};
					85CF4C8F2FE65ED100BD9CDE = {
						CreatedOnToolsVersion = 26.5;
						TestTargetID = 85CF4C762FE65ECE00BD9CDE;
					};
				};
			};
			buildConfigurationList = 85CF4C722FE65ECE00BD9CDE /* Build configuration list for PBXProject "DailyBrief" */;
			developmentRegion = en;
			hasScannedForEncodings = 0;
			knownRegions = (
				en,
				Base,
			);
			mainGroup = 85CF4C6E2FE65ECE00BD9CDE;
			minimizedProjectReferenceProxies = 1;
			preferredProjectObjectVersion = 77;
			productRefGroup = 85CF4C782FE65ECE00BD9CDE /* Products */;
			projectDirPath = "";
			projectRoot = "";
			targets = (
				85CF4C762FE65ECE00BD9CDE /* DailyBrief */,
				85CF4C852FE65ED100BD9CDE /* DailyBriefTests */,
				85CF4C8F2FE65ED100BD9CDE /* DailyBriefUITests */,
			);
		};
/* End PBXProject section */

/* Begin PBXResourcesBuildPhase section */
		85CF4C752FE65ECE00BD9CDE /* Resources */ = {
			isa = PBXResourcesBuildPhase;
			buildActionMask = 2147483647;
			files = (
			);
			runOnlyForDeploymentPostprocessing = 0;
		};
		85CF4C842FE65ED100BD9CDE /* Resources */ = {
			isa = PBXResourcesBuildPhase;
			buildActionMask = 2147483647;
			files = (
			);
			runOnlyForDeploymentPostprocessing = 0;
		};
		85CF4C8E2FE65ED100BD9CDE /* Resources */ = {
			isa = PBXResourcesBuildPhase;
			buildActionMask = 2147483647;
			files = (
			);
			runOnlyForDeploymentPostprocessing = 0;
		};
/* End PBXResourcesBuildPhase section */

/* Begin PBXSourcesBuildPhase section */
		85CF4C732FE65ECE00BD9CDE /* Sources */ = {
			isa = PBXSourcesBuildPhase;
			buildActionMask = 2147483647;
			files = (
			);
			runOnlyForDeploymentPostprocessing = 0;
		};
		85CF4C822FE65ED100BD9CDE /* Sources */ = {
			isa = PBXSourcesBuildPhase;
			buildActionMask = 2147483647;
			files = (
			);
			runOnlyForDeploymentPostprocessing = 0;
		};
		85CF4C8C2FE65ED100BD9CDE /* Sources */ = {
			isa = PBXSourcesBuildPhase;
			buildActionMask = 2147483647;
			files = (
			);
			runOnlyForDeploymentPostprocessing = 0;
		};
/* End PBXSourcesBuildPhase section */

/* Begin PBXTargetDependency section */
		85CF4C882FE65ED100BD9CDE /* PBXTargetDependency */ = {
			isa = PBXTargetDependency;
			target = 85CF4C762FE65ECE00BD9CDE /* DailyBrief */;
			targetProxy = 85CF4C872FE65ED100BD9CDE /* PBXContainerItemProxy */;
		};
		85CF4C922FE65ED100BD9CDE /* PBXTargetDependency */ = {
			isa = PBXTargetDependency;
			target = 85CF4C762FE65ECE00BD9CDE /* DailyBrief */;
			targetProxy = 85CF4C912FE65ED100BD9CDE /* PBXContainerItemProxy */;
		};
/* End PBXTargetDependency section */

/* Begin XCBuildConfiguration section */
		85CF4C982FE65ED100BD9CDE /* Debug */ = {
			isa = XCBuildConfiguration;
			buildSettings = {
				ALWAYS_SEARCH_USER_PATHS = NO;
				ASSETCATALOG_COMPILER_GENERATE_SWIFT_ASSET_SYMBOL_EXTENSIONS = YES;
				CLANG_ANALYZER_NONNULL = YES;
				CLANG_ANALYZER_NUMBER_OBJECT_CONVERSION = YES_AGGRESSIVE;
				CLANG_CXX_LANGUAGE_STANDARD = "gnu++20";
				CLANG_ENABLE_MODULES = YES;
				CLANG_ENABLE_OBJC_ARC = YES;
				CLANG_ENABLE_OBJC_WEAK = YES;
				CLANG_WARN_BLOCK_CAPTURE_AUTORELEASING = YES;
				CLANG_WARN_BOOL_CONVERSION = YES;
				CLANG_WARN_COMMA = YES;
				CLANG_WARN_CONSTANT_CONVERSION = YES;
				CLANG_WARN_DEPRECATED_OBJC_IMPLEMENTATIONS = YES;
				CLANG_WARN_DIRECT_OBJC_ISA_USAGE = YES_ERROR;
				CLANG_WARN_DOCUMENTATION_COMMENTS = YES;
				CLANG_WARN_EMPTY_BODY = YES;
				CLANG_WARN_ENUM_CONVERSION = YES;
				CLANG_WARN_INFINITE_RECURSION = YES;
				CLANG_WARN_INT_CONVERSION = YES;
				CLANG_WARN_NON_LITERAL_NULL_CONVERSION = YES;
				CLANG_WARN_OBJC_IMPLICIT_RETAIN_SELF = YES;
				CLANG_WARN_OBJC_LITERAL_CONVERSION = YES;
				CLANG_WARN_OBJC_ROOT_CLASS = YES_ERROR;
				CLANG_WARN_QUOTED_INCLUDE_IN_FRAMEWORK_HEADER = YES;
				CLANG_WARN_RANGE_LOOP_ANALYSIS = YES;
				CLANG_WARN_STRICT_PROTOTYPES = YES;
				CLANG_WARN_SUSPICIOUS_MOVE = YES;
				CLANG_WARN_UNGUARDED_AVAILABILITY = YES_AGGRESSIVE;
				CLANG_WARN_UNREACHABLE_CODE = YES;
				CLANG_WARN__DUPLICATE_METHOD_MATCH = YES;
				COPY_PHASE_STRIP = NO;
				DEBUG_INFORMATION_FORMAT = dwarf;
				DEVELOPMENT_TEAM = N2W2R4QBEZ;
				ENABLE_STRICT_OBJC_MSGSEND = YES;
				ENABLE_TESTABILITY = YES;
				ENABLE_USER_SCRIPT_SANDBOXING = YES;
				GCC_C_LANGUAGE_STANDARD = gnu17;
				GCC_DYNAMIC_NO_PIC = NO;
				GCC_NO_COMMON_BLOCKS = YES;
				GCC_OPTIMIZATION_LEVEL = 0;
				GCC_PREPROCESSOR_DEFINITIONS = (
					"DEBUG=1",
					"$(inherited)",
				);
				GCC_WARN_64_TO_32_BIT_CONVERSION = YES;
				GCC_WARN_ABOUT_RETURN_TYPE = YES_ERROR;
				GCC_WARN_UNDECLARED_SELECTOR = YES;
				GCC_WARN_UNINITIALIZED_AUTOS = YES_AGGRESSIVE;
				GCC_WARN_UNUSED_FUNCTION = YES;
				GCC_WARN_UNUSED_VARIABLE = YES;
				IPHONEOS_DEPLOYMENT_TARGET = 26.5;
				LOCALIZATION_PREFERS_STRING_CATALOGS = YES;
				MTL_ENABLE_DEBUG_INFO = INCLUDE_SOURCE;
				MTL_FAST_MATH = YES;
				ONLY_ACTIVE_ARCH = YES;
				SDKROOT = iphoneos;
				SWIFT_ACTIVE_COMPILATION_CONDITIONS = "DEBUG $(inherited)";
				SWIFT_OPTIMIZATION_LEVEL = "-Onone";
			};
			name = Debug;
		};
		85CF4C992FE65ED100BD9CDE /* Release */ = {
			isa = XCBuildConfiguration;
			buildSettings = {
				ALWAYS_SEARCH_USER_PATHS = NO;
				ASSETCATALOG_COMPILER_GENERATE_SWIFT_ASSET_SYMBOL_EXTENSIONS = YES;
				CLANG_ANALYZER_NONNULL = YES;
				CLANG_ANALYZER_NUMBER_OBJECT_CONVERSION = YES_AGGRESSIVE;
				CLANG_CXX_LANGUAGE_STANDARD = "gnu++20";
				CLANG_ENABLE_MODULES = YES;
				CLANG_ENABLE_OBJC_ARC = YES;
				CLANG_ENABLE_OBJC_WEAK = YES;
				CLANG_WARN_BLOCK_CAPTURE_AUTORELEASING = YES;
				CLANG_WARN_BOOL_CONVERSION = YES;
				CLANG_WARN_COMMA = YES;
				CLANG_WARN_CONSTANT_CONVERSION = YES;
				CLANG_WARN_DEPRECATED_OBJC_IMPLEMENTATIONS = YES;
				CLANG_WARN_DIRECT_OBJC_ISA_USAGE = YES_ERROR;
				CLANG_WARN_DOCUMENTATION_COMMENTS = YES;
				CLANG_WARN_EMPTY_BODY = YES;
				CLANG_WARN_ENUM_CONVERSION = YES;
				CLANG_WARN_INFINITE_RECURSION = YES;
				CLANG_WARN_INT_CONVERSION = YES;
				CLANG_WARN_NON_LITERAL_NULL_CONVERSION = YES;
				CLANG_WARN_OBJC_IMPLICIT_RETAIN_SELF = YES;
				CLANG_WARN_OBJC_LITERAL_CONVERSION = YES;
				CLANG_WARN_OBJC_ROOT_CLASS = YES_ERROR;
				CLANG_WARN_QUOTED_INCLUDE_IN_FRAMEWORK_HEADER = YES;
				CLANG_WARN_RANGE_LOOP_ANALYSIS = YES;
				CLANG_WARN_STRICT_PROTOTYPES = YES;
				CLANG_WARN_SUSPICIOUS_MOVE = YES;
				CLANG_WARN_UNGUARDED_AVAILABILITY = YES_AGGRESSIVE;
				CLANG_WARN_UNREACHABLE_CODE = YES;
				CLANG_WARN__DUPLICATE_METHOD_MATCH = YES;
				COPY_PHASE_STRIP = NO;
				DEBUG_INFORMATION_FORMAT = "dwarf-with-dsym";
				DEVELOPMENT_TEAM = N2W2R4QBEZ;
				ENABLE_NS_ASSERTIONS = NO;
				ENABLE_STRICT_OBJC_MSGSEND = YES;
				ENABLE_USER_SCRIPT_SANDBOXING = YES;
				GCC_C_LANGUAGE_STANDARD = gnu17;
				GCC_NO_COMMON_BLOCKS = YES;
				GCC_WARN_64_TO_32_BIT_CONVERSION = YES;
				GCC_WARN_ABOUT_RETURN_TYPE = YES_ERROR;
				GCC_WARN_UNDECLARED_SELECTOR = YES;
				GCC_WARN_UNINITIALIZED_AUTOS = YES_AGGRESSIVE;
				GCC_WARN_UNUSED_FUNCTION = YES;
				GCC_WARN_UNUSED_VARIABLE = YES;
				IPHONEOS_DEPLOYMENT_TARGET = 26.5;
				LOCALIZATION_PREFERS_STRING_CATALOGS = YES;
				MTL_ENABLE_DEBUG_INFO = NO;
				MTL_FAST_MATH = YES;
				SDKROOT = iphoneos;
				SWIFT_COMPILATION_MODE = wholemodule;
				VALIDATE_PRODUCT = YES;
			};
			name = Release;
		};
		85CF4C9B2FE65ED100BD9CDE /* Debug */ = {
			isa = XCBuildConfiguration;
			buildSettings = {
				ASSETCATALOG_COMPILER_APPICON_NAME = AppIcon;
				ASSETCATALOG_COMPILER_GLOBAL_ACCENT_COLOR_NAME = AccentColor;
				CODE_SIGN_STYLE = Automatic;
				CURRENT_PROJECT_VERSION = 1;
				DEVELOPMENT_TEAM = N2W2R4QBEZ;
				ENABLE_PREVIEWS = YES;
				GENERATE_INFOPLIST_FILE = YES;
				INFOPLIST_KEY_UIApplicationSceneManifest_Generation = YES;
				INFOPLIST_KEY_UIApplicationSupportsIndirectInputEvents = YES;
				INFOPLIST_KEY_UILaunchScreen_Generation = YES;
				INFOPLIST_KEY_UISupportedInterfaceOrientations_iPad = "UIInterfaceOrientationPortrait UIInterfaceOrientationPortraitUpsideDown UIInterfaceOrientationLandscapeLeft UIInterfaceOrientationLandscapeRight";
				INFOPLIST_KEY_UISupportedInterfaceOrientations_iPhone = "UIInterfaceOrientationPortrait UIInterfaceOrientationLandscapeLeft UIInterfaceOrientationLandscapeRight";
				IPHONEOS_DEPLOYMENT_TARGET = 26.0;
				LD_RUNPATH_SEARCH_PATHS = (
					"$(inherited)",
					"@executable_path/Frameworks",
				);
				MARKETING_VERSION = 1.0;
				PRODUCT_BUNDLE_IDENTIFIER = com.shuhei.ishihara.DailyBrief;
				PRODUCT_NAME = "$(TARGET_NAME)";
				STRING_CATALOG_GENERATE_SYMBOLS = YES;
				SWIFT_APPROACHABLE_CONCURRENCY = YES;
				SWIFT_DEFAULT_ACTOR_ISOLATION = MainActor;
				SWIFT_EMIT_LOC_STRINGS = YES;
				SWIFT_UPCOMING_FEATURE_MEMBER_IMPORT_VISIBILITY = YES;
				SWIFT_VERSION = 5.0;
				TARGETED_DEVICE_FAMILY = "1,2";
			};
			name = Debug;
		};
		85CF4C9C2FE65ED100BD9CDE /* Release */ = {
			isa = XCBuildConfiguration;
			buildSettings = {
				ASSETCATALOG_COMPILER_APPICON_NAME = AppIcon;
				ASSETCATALOG_COMPILER_GLOBAL_ACCENT_COLOR_NAME = AccentColor;
				CODE_SIGN_STYLE = Automatic;
				CURRENT_PROJECT_VERSION = 1;
				DEVELOPMENT_TEAM = N2W2R4QBEZ;
				ENABLE_PREVIEWS = YES;
				GENERATE_INFOPLIST_FILE = YES;
				INFOPLIST_KEY_UIApplicationSceneManifest_Generation = YES;
				INFOPLIST_KEY_UIApplicationSupportsIndirectInputEvents = YES;
				INFOPLIST_KEY_UILaunchScreen_Generation = YES;
				INFOPLIST_KEY_UISupportedInterfaceOrientations_iPad = "UIInterfaceOrientationPortrait UIInterfaceOrientationPortraitUpsideDown UIInterfaceOrientationLandscapeLeft UIInterfaceOrientationLandscapeRight";
				INFOPLIST_KEY_UISupportedInterfaceOrientations_iPhone = "UIInterfaceOrientationPortrait UIInterfaceOrientationLandscapeLeft UIInterfaceOrientationLandscapeRight";
				IPHONEOS_DEPLOYMENT_TARGET = 26.0;
				LD_RUNPATH_SEARCH_PATHS = (
					"$(inherited)",
					"@executable_path/Frameworks",
				);
				MARKETING_VERSION = 1.0;
				PRODUCT_BUNDLE_IDENTIFIER = com.shuhei.ishihara.DailyBrief;
				PRODUCT_NAME = "$(TARGET_NAME)";
				STRING_CATALOG_GENERATE_SYMBOLS = YES;
				SWIFT_APPROACHABLE_CONCURRENCY = YES;
				SWIFT_DEFAULT_ACTOR_ISOLATION = MainActor;
				SWIFT_EMIT_LOC_STRINGS = YES;
				SWIFT_UPCOMING_FEATURE_MEMBER_IMPORT_VISIBILITY = YES;
				SWIFT_VERSION = 5.0;
				TARGETED_DEVICE_FAMILY = "1,2";
			};
			name = Release;
		};
		85CF4C9E2FE65ED100BD9CDE /* Debug */ = {
			isa = XCBuildConfiguration;
			buildSettings = {
				BUNDLE_LOADER = "$(TEST_HOST)";
				CODE_SIGN_STYLE = Automatic;
				CURRENT_PROJECT_VERSION = 1;
				DEVELOPMENT_TEAM = N2W2R4QBEZ;
				GENERATE_INFOPLIST_FILE = YES;
				IPHONEOS_DEPLOYMENT_TARGET = 26.5;
				MARKETING_VERSION = 1.0;
				PRODUCT_BUNDLE_IDENTIFIER = com.shuhei.ishihara.DailyBriefTests;
				PRODUCT_NAME = "$(TARGET_NAME)";
				STRING_CATALOG_GENERATE_SYMBOLS = NO;
				SWIFT_APPROACHABLE_CONCURRENCY = YES;
				SWIFT_EMIT_LOC_STRINGS = NO;
				SWIFT_UPCOMING_FEATURE_MEMBER_IMPORT_VISIBILITY = YES;
				SWIFT_VERSION = 5.0;
				TARGETED_DEVICE_FAMILY = "1,2";
				TEST_HOST = "$(BUILT_PRODUCTS_DIR)/DailyBrief.app/$(BUNDLE_EXECUTABLE_FOLDER_PATH)/DailyBrief";
			};
			name = Debug;
		};
		85CF4C9F2FE65ED100BD9CDE /* Release */ = {
			isa = XCBuildConfiguration;
			buildSettings = {
				BUNDLE_LOADER = "$(TEST_HOST)";
				CODE_SIGN_STYLE = Automatic;
				CURRENT_PROJECT_VERSION = 1;
				DEVELOPMENT_TEAM = N2W2R4QBEZ;
				GENERATE_INFOPLIST_FILE = YES;
				IPHONEOS_DEPLOYMENT_TARGET = 26.5;
				MARKETING_VERSION = 1.0;
				PRODUCT_BUNDLE_IDENTIFIER = com.shuhei.ishihara.DailyBriefTests;
				PRODUCT_NAME = "$(TARGET_NAME)";
				STRING_CATALOG_GENERATE_SYMBOLS = NO;
				SWIFT_APPROACHABLE_CONCURRENCY = YES;
				SWIFT_EMIT_LOC_STRINGS = NO;
				SWIFT_UPCOMING_FEATURE_MEMBER_IMPORT_VISIBILITY = YES;
				SWIFT_VERSION = 5.0;
				TARGETED_DEVICE_FAMILY = "1,2";
				TEST_HOST = "$(BUILT_PRODUCTS_DIR)/DailyBrief.app/$(BUNDLE_EXECUTABLE_FOLDER_PATH)/DailyBrief";
			};
			name = Release;
		};
		85CF4CA12FE65ED100BD9CDE /* Debug */ = {
			isa = XCBuildConfiguration;
			buildSettings = {
				CODE_SIGN_STYLE = Automatic;
				CURRENT_PROJECT_VERSION = 1;
				DEVELOPMENT_TEAM = N2W2R4QBEZ;
				GENERATE_INFOPLIST_FILE = YES;
				MARKETING_VERSION = 1.0;
				PRODUCT_BUNDLE_IDENTIFIER = com.shuhei.ishihara.DailyBriefUITests;
				PRODUCT_NAME = "$(TARGET_NAME)";
				STRING_CATALOG_GENERATE_SYMBOLS = NO;
				SWIFT_APPROACHABLE_CONCURRENCY = YES;
				SWIFT_EMIT_LOC_STRINGS = NO;
				SWIFT_UPCOMING_FEATURE_MEMBER_IMPORT_VISIBILITY = YES;
				SWIFT_VERSION = 5.0;
				TARGETED_DEVICE_FAMILY = "1,2";
				TEST_TARGET_NAME = DailyBrief;
			};
			name = Debug;
		};
		85CF4CA22FE65ED100BD9CDE /* Release */ = {
			isa = XCBuildConfiguration;
			buildSettings = {
				CODE_SIGN_STYLE = Automatic;
				CURRENT_PROJECT_VERSION = 1;
				DEVELOPMENT_TEAM = N2W2R4QBEZ;
				GENERATE_INFOPLIST_FILE = YES;
				MARKETING_VERSION = 1.0;
				PRODUCT_BUNDLE_IDENTIFIER = com.shuhei.ishihara.DailyBriefUITests;
				PRODUCT_NAME = "$(TARGET_NAME)";
				STRING_CATALOG_GENERATE_SYMBOLS = NO;
				SWIFT_APPROACHABLE_CONCURRENCY = YES;
				SWIFT_EMIT_LOC_STRINGS = NO;
				SWIFT_UPCOMING_FEATURE_MEMBER_IMPORT_VISIBILITY = YES;
				SWIFT_VERSION = 5.0;
				TARGETED_DEVICE_FAMILY = "1,2";
				TEST_TARGET_NAME = DailyBrief;
			};
			name = Release;
		};
/* End XCBuildConfiguration section */

/* Begin XCConfigurationList section */
		85CF4C722FE65ECE00BD9CDE /* Build configuration list for PBXProject "DailyBrief" */ = {
			isa = XCConfigurationList;
			buildConfigurations = (
				85CF4C982FE65ED100BD9CDE /* Debug */,
				85CF4C992FE65ED100BD9CDE /* Release */,
			);
			defaultConfigurationIsVisible = 0;
			defaultConfigurationName = Release;
		};
		85CF4C9A2FE65ED100BD9CDE /* Build configuration list for PBXNativeTarget "DailyBrief" */ = {
			isa = XCConfigurationList;
			buildConfigurations = (
				85CF4C9B2FE65ED100BD9CDE /* Debug */,
				85CF4C9C2FE65ED100BD9CDE /* Release */,
			);
			defaultConfigurationIsVisible = 0;
			defaultConfigurationName = Release;
		};
		85CF4C9D2FE65ED100BD9CDE /* Build configuration list for PBXNativeTarget "DailyBriefTests" */ = {
			isa = XCConfigurationList;
			buildConfigurations = (
				85CF4C9E2FE65ED100BD9CDE /* Debug */,
				85CF4C9F2FE65ED100BD9CDE /* Release */,
			);
			defaultConfigurationIsVisible = 0;
			defaultConfigurationName = Release;
		};
		85CF4CA02FE65ED100BD9CDE /* Build configuration list for PBXNativeTarget "DailyBriefUITests" */ = {
			isa = XCConfigurationList;
			buildConfigurations = (
				85CF4CA12FE65ED100BD9CDE /* Debug */,
				85CF4CA22FE65ED100BD9CDE /* Release */,
			);
			defaultConfigurationIsVisible = 0;
			defaultConfigurationName = Release;
		};
/* End XCConfigurationList section */
	};
	rootObject = 85CF4C6F2FE65ECE00BD9CDE /* Project object */;
}
